
Microsoft Visual Studio Solution File, Format Version 12.00
# Visual Studio Version 17
VisualStudioVersion = 17.6.33815.320
MinimumVisualStudioVersion = 10.0.40219.1
Project("{2150E333-8FDC-42A3-9474-1A3956D46DE8}") = "Core", "Core", "{926C3AFF-EDDB-410B-BE10-E2E756A3C502}"
EndProject
Project("{FAE04EC0-301F-11D3-BF4B-00C04F79EFBC}") = "GWL.Application", "core\GWL.Application\GWL.Application.csproj", "{ED1C4799-0C01-49EB-99EC-26422F6E1859}"
EndProject
Project("{FAE04EC0-301F-11D3-BF4B-00C04F79EFBC}") = "GWL.Domain", "core\GWL.Domain\GWL.Domain.csproj", "{D428C1A8-9BEB-47EB-BEB7-75C076539CCF}"
EndProject
Project("{2150E333-8FDC-42A3-9474-1A3956D46DE8}") = "Infrastructure", "Infrastructure", "{9181E5AB-38E7-4410-A4D7-76ECC113CC5E}"
EndProject
Project("{FAE04EC0-301F-11D3-BF4B-00C04F79EFBC}") = "GWL.Infrastructure", "Infrastructure\GWL.Infrastructure\GWL.Infrastructure.csproj", "{1A9510B4-DDD1-4933-99C8-19F113005384}"
EndProject
Project("{2150E333-8FDC-42A3-9474-1A3956D46DE8}") = "Presentation", "Presentation", "{FCF13412-D92C-4D2D-94A0-AB77DD05506C}"
EndProject
Project("{FAE04EC0-301F-11D3-BF4B-00C04F79EFBC}") = "GWL.API", "Presentation\GWL.API\GWL.API.csproj", "{FA0DBA61-7D4B-4D8F-881C-EFA8827E898D}"
EndProject
Global
	GlobalSection(SolutionConfigurationPlatforms) = preSolution
		Debug|Any CPU = Debug|Any CPU
		Release|Any CPU = Release|Any CPU
	EndGlobalSection
	GlobalSection(ProjectConfigurationPlatforms) = postSolution
		{ED1C4799-0C01-49EB-99EC-26422F6E1859}.Debug|Any CPU.ActiveCfg = Debug|Any CPU
		{ED1C4799-0C01-49EB-99EC-26422F6E1859}.Debug|Any CPU.Build.0 = Debug|Any CPU
		{ED1C4799-0C01-49EB-99EC-26422F6E1859}.Release|Any CPU.ActiveCfg = Release|Any CPU
		{ED1C4799-0C01-49EB-99EC-26422F6E1859}.Release|Any CPU.Build.0 = Release|Any CPU
		{D428C1A8-9BEB-47EB-BEB7-75C076539CCF}.Debug|Any CPU.ActiveCfg = Debug|Any CPU
		{D428C1A8-9BEB-47EB-BEB7-75C076539CCF}.Debug|Any CPU.Build.0 = Debug|Any CPU
		{D428C1A8-9BEB-47EB-BEB7-75C076539CCF}.Release|Any CPU.ActiveCfg = Release|Any CPU
		{D428C1A8-9BEB-47EB-BEB7-75C076539CCF}.Release|Any CPU.Build.0 = Release|Any CPU
		{1A9510B4-DDD1-4933-99C8-19F113005384}.Debug|Any CPU.ActiveCfg = Debug|Any CPU
		{1A9510B4-DDD1-4933-99C8-19F113005384}.Debug|Any CPU.Build.0 = Debug|Any CPU
		{1A9510B4-DDD1-4933-99C8-19F113005384}.Release|Any CPU.ActiveCfg = Release|Any CPU
		{1A9510B4-DDD1-4933-99C8-19F113005384}.Release|Any CPU.Build.0 = Release|Any CPU
		{FA0DBA61-7D4B-4D8F-881C-EFA8827E898D}.Debug|Any CPU.ActiveCfg = Debug|Any CPU
		{FA0DBA61-7D4B-4D8F-881C-EFA8827E898D}.Debug|Any CPU.Build.0 = Debug|Any CPU
		{FA0DBA61-7D4B-4D8F-881C-EFA8827E898D}.Release|Any CPU.ActiveCfg = Release|Any CPU
		{FA0DBA61-7D4B-4D8F-881C-EFA8827E898D}.Release|Any CPU.Build.0 = Release|Any CPU
	EndGlobalSection
	GlobalSection(SolutionProperties) = preSolution
		HideSolutionNode = FALSE
	EndGlobalSection
	GlobalSection(NestedProjects) = preSolution
		{ED1C4799-0C01-49EB-99EC-26422F6E1859} = {926C3AFF-EDDB-410B-BE10-E2E756A3C502}
		{D428C1A8-9BEB-47EB-BEB7-75C076539CCF} = {926C3AFF-EDDB-410B-BE10-E2E756A3C502}
		{1A9510B4-DDD1-4933-99C8-19F113005384} = {9181E5AB-38E7-4410-A4D7-76ECC113CC5E}
		{FA0DBA61-7D4B-4D8F-881C-EFA8827E898D} = {FCF13412-D92C-4D2D-94A0-AB77DD05506C}
	EndGlobalSection
	GlobalSection(ExtensibilityGlobals) = postSolution
		SolutionGuid = {FEFB710F-5DC4-43BE-BAE8-305709157938}
	EndGlobalSection
EndGlobal
